
Microsoft Visual Studio Solution File, Format Version 12.00
# Visual Studio 14
VisualStudioVersion = 14.0.25420.1
MinimumVisualStudioVersion = 10.0.40219.1
Project("{2150E333-8FDC-42A3-9474-1A3956D46DE8}") = "src", "src", "{D140AC15-D8DF-4517-BC1D-B2BA1524C1E5}"
EndProject
Project("{2150E333-8FDC-42A3-9474-1A3956D46DE8}") = "Solution Items", "Solution Items", "{C6FBC581-51F9-47FC-A297-CDA1B4F7EB15}"
	ProjectSection(SolutionItems) = preProject
		global.json = global.json
	EndProjectSection
EndProject
Project("{8BB2217D-0F2D-49D1-97BC-3654ED321F3B}") = "ProductApi", "src\ProductApi\ProductApi.xproj", "{A996AFEE-37F7-4D86-B34E-E0B19369E9FF}"
EndProject
Global
	GlobalSection(SolutionConfigurationPlatforms) = preSolution
		Debug|Any CPU = Debug|Any CPU
		Release|Any CPU = Release|Any CPU
	EndGlobalSection
	GlobalSection(ProjectConfigurationPlatforms) = postSolution
		{A996AFEE-37F7-4D86-B34E-E0B19369E9FF}.Debug|Any CPU.ActiveCfg = Debug|Any CPU
		{A996AFEE-37F7-4D86-B34E-E0B19369E9FF}.Debug|Any CPU.Build.0 = Debug|Any CPU
		{A996AFEE-37F7-4D86-B34E-E0B19369E9FF}.Release|Any CPU.ActiveCfg = Release|Any CPU
		{A996AFEE-37F7-4D86-B34E-E0B19369E9FF}.Release|Any CPU.Build.0 = Release|Any CPU
	EndGlobalSection
	GlobalSection(SolutionProperties) = preSolution
		HideSolutionNode = FALSE
	EndGlobalSection
	GlobalSection(NestedProjects) = preSolution
		{A996AFEE-37F7-4D86-B34E-E0B19369E9FF} = {D140AC15-D8DF-4517-BC1D-B2BA1524C1E5}
	EndGlobalSection
EndGlobal
